Microsoft Visual Studio Solution File, Format Version 12.00
# Visual Studio 2013
VisualStudioVersion = 12.0.40629.0
MinimumVisualStudioVersion = 10.0.40219.1
Project("{8BC9CEB8-8B4A-11D0-8D11-00A0C91BC942}") = "ALL_BUILD", "ALL_BUILD.vcxproj", "{FC805A4D-03E1-422F-A3B0-DCC0C6C10642}"
	ProjectSection(ProjectDependencies) = postProject
		{993E909C-18B9-4A84-9586-80E16C6C4253} = {993E909C-18B9-4A84-9586-80E16C6C4253}
		{48646D16-1798-4986-8E41-61E23FEAEA3B} = {48646D16-1798-4986-8E41-61E23FEAEA3B}
		{BC7A69D7-206A-4058-BFA5-22CEBA26C94F} = {BC7A69D7-206A-4058-BFA5-22CEBA26C94F}
		{92ECB2E4-CEEE-44B8-83B3-4CACCFC3E03C} = {92ECB2E4-CEEE-44B8-83B3-4CACCFC3E03C}
		{06608987-4DE8-4874-8DBC-8AA2662046AC} = {06608987-4DE8-4874-8DBC-8AA2662046AC}
		{32C04A03-2465-44E4-81C1-5E04C56D8337} = {32C04A03-2465-44E4-81C1-5E04C56D8337}
		{6FC368D0-67CF-4CAC-9450-D1CA671BB9F4} = {6FC368D0-67CF-4CAC-9450-D1CA671BB9F4}
		{FCDB1865-B8A6-47A9-B5D3-71DF8853614D} = {FCDB1865-B8A6-47A9-B5D3-71DF8853614D}
		{B6A8D520-012E-4581-9B12-DB95DF827A7E} = {B6A8D520-012E-4581-9B12-DB95DF827A7E}
		{AE9ACC71-79DA-4ED5-8F2F-6B4F76454260} = {AE9ACC71-79DA-4ED5-8F2F-6B4F76454260}
		{B353B30C-4D7E-4A2A-A11C-95471AF43F24} = {B353B30C-4D7E-4A2A-A11C-95471AF43F24}
	EndProjectSection
EndProject
Project("{8BC9CEB8-8B4A-11D0-8D11-00A0C91BC942}") = "chapter01", "chapter01\chapter01.vcxproj", "{993E909C-18B9-4A84-9586-80E16C6C4253}"
	ProjectSection(ProjectDependencies) = postProject
		{B353B30C-4D7E-4A2A-A11C-95471AF43F24} = {B353B30C-4D7E-4A2A-A11C-95471AF43F24}
	EndProjectSection
EndProject
Project("{8BC9CEB8-8B4A-11D0-8D11-00A0C91BC942}") = "chapter02", "chapter02\chapter02.vcxproj", "{48646D16-1798-4986-8E41-61E23FEAEA3B}"
	ProjectSection(ProjectDependencies) = postProject
		{B353B30C-4D7E-4A2A-A11C-95471AF43F24} = {B353B30C-4D7E-4A2A-A11C-95471AF43F24}
	EndProjectSection
EndProject
Project("{8BC9CEB8-8B4A-11D0-8D11-00A0C91BC942}") = "chapter03", "chapter03\chapter03.vcxproj", "{BC7A69D7-206A-4058-BFA5-22CEBA26C94F}"
	ProjectSection(ProjectDependencies) = postProject
		{B353B30C-4D7E-4A2A-A11C-95471AF43F24} = {B353B30C-4D7E-4A2A-A11C-95471AF43F24}
	EndProjectSection
EndProject
Project("{8BC9CEB8-8B4A-11D0-8D11-00A0C91BC942}") = "chapter04", "chapter04\chapter04.vcxproj", "{92ECB2E4-CEEE-44B8-83B3-4CACCFC3E03C}"
	ProjectSection(ProjectDependencies) = postProject
		{B353B30C-4D7E-4A2A-A11C-95471AF43F24} = {B353B30C-4D7E-4A2A-A11C-95471AF43F24}
	EndProjectSection
EndProject
Project("{8BC9CEB8-8B4A-11D0-8D11-00A0C91BC942}") = "chapter05", "chapter05\chapter05.vcxproj", "{06608987-4DE8-4874-8DBC-8AA2662046AC}"
	ProjectSection(ProjectDependencies) = postProject
		{B353B30C-4D7E-4A2A-A11C-95471AF43F24} = {B353B30C-4D7E-4A2A-A11C-95471AF43F24}
	EndProjectSection
EndProject
Project("{8BC9CEB8-8B4A-11D0-8D11-00A0C91BC942}") = "chapter06", "chapter06\chapter06.vcxproj", "{32C04A03-2465-44E4-81C1-5E04C56D8337}"
	ProjectSection(ProjectDependencies) = postProject
		{B353B30C-4D7E-4A2A-A11C-95471AF43F24} = {B353B30C-4D7E-4A2A-A11C-95471AF43F24}
	EndProjectSection
EndProject
Project("{8BC9CEB8-8B4A-11D0-8D11-00A0C91BC942}") = "chapter07", "chapter07\chapter07.vcxproj", "{6FC368D0-67CF-4CAC-9450-D1CA671BB9F4}"
	ProjectSection(ProjectDependencies) = postProject
		{B353B30C-4D7E-4A2A-A11C-95471AF43F24} = {B353B30C-4D7E-4A2A-A11C-95471AF43F24}
	EndProjectSection
EndProject
Project("{8BC9CEB8-8B4A-11D0-8D11-00A0C91BC942}") = "chapter08", "chapter08\chapter08.vcxproj", "{FCDB1865-B8A6-47A9-B5D3-71DF8853614D}"
	ProjectSection(ProjectDependencies) = postProject
		{B353B30C-4D7E-4A2A-A11C-95471AF43F24} = {B353B30C-4D7E-4A2A-A11C-95471AF43F24}
	EndProjectSection
EndProject
Project("{8BC9CEB8-8B4A-11D0-8D11-00A0C91BC942}") = "chapter09", "chapter09\chapter09.vcxproj", "{B6A8D520-012E-4581-9B12-DB95DF827A7E}"
	ProjectSection(ProjectDependencies) = postProject
		{B353B30C-4D7E-4A2A-A11C-95471AF43F24} = {B353B30C-4D7E-4A2A-A11C-95471AF43F24}
	EndProjectSection
EndProject
Project("{8BC9CEB8-8B4A-11D0-8D11-00A0C91BC942}") = "chapter10", "chapter10\chapter10.vcxproj", "{AE9ACC71-79DA-4ED5-8F2F-6B4F76454260}"
	ProjectSection(ProjectDependencies) = postProject
		{B353B30C-4D7E-4A2A-A11C-95471AF43F24} = {B353B30C-4D7E-4A2A-A11C-95471AF43F24}
	EndProjectSection
EndProject
Project("{8BC9CEB8-8B4A-11D0-8D11-00A0C91BC942}") = "ingredients", "ingredients\ingredients.vcxproj", "{B353B30C-4D7E-4A2A-A11C-95471AF43F24}"
EndProject
Global
	GlobalSection(SolutionConfigurationPlatforms) = preSolution
		Debug|Win32 = Debug|Win32
		MinSizeRel|Win32 = MinSizeRel|Win32
		Release|Win32 = Release|Win32
		RelWithDebInfo|Win32 = RelWithDebInfo|Win32
	EndGlobalSection
	GlobalSection(ProjectConfigurationPlatforms) = postSolution
		{FC805A4D-03E1-422F-A3B0-DCC0C6C10642}.Debug|Win32.ActiveCfg = Debug|Win32
		{FC805A4D-03E1-422F-A3B0-DCC0C6C10642}.MinSizeRel|Win32.ActiveCfg = MinSizeRel|Win32
		{FC805A4D-03E1-422F-A3B0-DCC0C6C10642}.Release|Win32.ActiveCfg = Release|Win32
		{FC805A4D-03E1-422F-A3B0-DCC0C6C10642}.RelWithDebInfo|Win32.ActiveCfg = RelWithDebInfo|Win32
		{993E909C-18B9-4A84-9586-80E16C6C4253}.Debug|Win32.ActiveCfg = Debug|Win32
		{993E909C-18B9-4A84-9586-80E16C6C4253}.Debug|Win32.Build.0 = Debug|Win32
		{993E909C-18B9-4A84-9586-80E16C6C4253}.MinSizeRel|Win32.ActiveCfg = MinSizeRel|Win32
		{993E909C-18B9-4A84-9586-80E16C6C4253}.MinSizeRel|Win32.Build.0 = MinSizeRel|Win32
		{993E909C-18B9-4A84-9586-80E16C6C4253}.Release|Win32.ActiveCfg = Release|Win32
		{993E909C-18B9-4A84-9586-80E16C6C4253}.Release|Win32.Build.0 = Release|Win32
		{993E909C-18B9-4A84-9586-80E16C6C4253}.RelWithDebInfo|Win32.ActiveCfg = RelWithDebInfo|Win32
		{993E909C-18B9-4A84-9586-80E16C6C4253}.RelWithDebInfo|Win32.Build.0 = RelWithDebInfo|Win32
		{48646D16-1798-4986-8E41-61E23FEAEA3B}.Debug|Win32.ActiveCfg = Debug|Win32
		{48646D16-1798-4986-8E41-61E23FEAEA3B}.Debug|Win32.Build.0 = Debug|Win32
		{48646D16-1798-4986-8E41-61E23FEAEA3B}.MinSizeRel|Win32.ActiveCfg = MinSizeRel|Win32
		{48646D16-1798-4986-8E41-61E23FEAEA3B}.MinSizeRel|Win32.Build.0 = MinSizeRel|Win32
		{48646D16-1798-4986-8E41-61E23FEAEA3B}.Release|Win32.ActiveCfg = Release|Win32
		{48646D16-1798-4986-8E41-61E23FEAEA3B}.Release|Win32.Build.0 = Release|Win32
		{48646D16-1798-4986-8E41-61E23FEAEA3B}.RelWithDebInfo|Win32.ActiveCfg = RelWithDebInfo|Win32
		{48646D16-1798-4986-8E41-61E23FEAEA3B}.RelWithDebInfo|Win32.Build.0 = RelWithDebInfo|Win32
		{BC7A69D7-206A-4058-BFA5-22CEBA26C94F}.Debug|Win32.ActiveCfg = Debug|Win32
		{BC7A69D7-206A-4058-BFA5-22CEBA26C94F}.Debug|Win32.Build.0 = Debug|Win32
		{BC7A69D7-206A-4058-BFA5-22CEBA26C94F}.MinSizeRel|Win32.ActiveCfg = MinSizeRel|Win32
		{BC7A69D7-206A-4058-BFA5-22CEBA26C94F}.MinSizeRel|Win32.Build.0 = MinSizeRel|Win32
		{BC7A69D7-206A-4058-BFA5-22CEBA26C94F}.Release|Win32.ActiveCfg = Release|Win32
		{BC7A69D7-206A-4058-BFA5-22CEBA26C94F}.Release|Win32.Build.0 = Release|Win32
		{BC7A69D7-206A-4058-BFA5-22CEBA26C94F}.RelWithDebInfo|Win32.ActiveCfg = RelWithDebInfo|Win32
		{BC7A69D7-206A-4058-BFA5-22CEBA26C94F}.RelWithDebInfo|Win32.Build.0 = RelWithDebInfo|Win32
		{92ECB2E4-CEEE-44B8-83B3-4CACCFC3E03C}.Debug|Win32.ActiveCfg = Debug|Win32
		{92ECB2E4-CEEE-44B8-83B3-4CACCFC3E03C}.Debug|Win32.Build.0 = Debug|Win32
		{92ECB2E4-CEEE-44B8-83B3-4CACCFC3E03C}.MinSizeRel|Win32.ActiveCfg = MinSizeRel|Win32
		{92ECB2E4-CEEE-44B8-83B3-4CACCFC3E03C}.MinSizeRel|Win32.Build.0 = MinSizeRel|Win32
		{92ECB2E4-CEEE-44B8-83B3-4CACCFC3E03C}.Release|Win32.ActiveCfg = Release|Win32
		{92ECB2E4-CEEE-44B8-83B3-4CACCFC3E03C}.Release|Win32.Build.0 = Release|Win32
		{92ECB2E4-CEEE-44B8-83B3-4CACCFC3E03C}.RelWithDebInfo|Win32.ActiveCfg = RelWithDebInfo|Win32
		{92ECB2E4-CEEE-44B8-83B3-4CACCFC3E03C}.RelWithDebInfo|Win32.Build.0 = RelWithDebInfo|Win32
		{06608987-4DE8-4874-8DBC-8AA2662046AC}.Debug|Win32.ActiveCfg = Debug|Win32
		{06608987-4DE8-4874-8DBC-8AA2662046AC}.Debug|Win32.Build.0 = Debug|Win32
		{06608987-4DE8-4874-8DBC-8AA2662046AC}.MinSizeRel|Win32.ActiveCfg = MinSizeRel|Win32
		{06608987-4DE8-4874-8DBC-8AA2662046AC}.MinSizeRel|Win32.Build.0 = MinSizeRel|Win32
		{06608987-4DE8-4874-8DBC-8AA2662046AC}.Release|Win32.ActiveCfg = Release|Win32
		{06608987-4DE8-4874-8DBC-8AA2662046AC}.Release|Win32.Build.0 = Release|Win32
		{06608987-4DE8-4874-8DBC-8AA2662046AC}.RelWithDebInfo|Win32.ActiveCfg = RelWithDebInfo|Win32
		{06608987-4DE8-4874-8DBC-8AA2662046AC}.RelWithDebInfo|Win32.Build.0 = RelWithDebInfo|Win32
		{32C04A03-2465-44E4-81C1-5E04C56D8337}.Debug|Win32.ActiveCfg = Debug|Win32
		{32C04A03-2465-44E4-81C1-5E04C56D8337}.Debug|Win32.Build.0 = Debug|Win32
		{32C04A03-2465-44E4-81C1-5E04C56D8337}.MinSizeRel|Win32.ActiveCfg = MinSizeRel|Win32
		{32C04A03-2465-44E4-81C1-5E04C56D8337}.MinSizeRel|Win32.Build.0 = MinSizeRel|Win32
		{32C04A03-2465-44E4-81C1-5E04C56D8337}.Release|Win32.ActiveCfg = Release|Win32
		{32C04A03-2465-44E4-81C1-5E04C56D8337}.Release|Win32.Build.0 = Release|Win32
		{32C04A03-2465-44E4-81C1-5E04C56D8337}.RelWithDebInfo|Win32.ActiveCfg = RelWithDebInfo|Win32
		{32C04A03-2465-44E4-81C1-5E04C56D8337}.RelWithDebInfo|Win32.Build.0 = RelWithDebInfo|Win32
		{6FC368D0-67CF-4CAC-9450-D1CA671BB9F4}.Debug|Win32.ActiveCfg = Debug|Win32
		{6FC368D0-67CF-4CAC-9450-D1CA671BB9F4}.Debug|Win32.Build.0 = Debug|Win32
		{6FC368D0-67CF-4CAC-9450-D1CA671BB9F4}.MinSizeRel|Win32.ActiveCfg = MinSizeRel|Win32
		{6FC368D0-67CF-4CAC-9450-D1CA671BB9F4}.MinSizeRel|Win32.Build.0 = MinSizeRel|Win32
		{6FC368D0-67CF-4CAC-9450-D1CA671BB9F4}.Release|Win32.ActiveCfg = Release|Win32
		{6FC368D0-67CF-4CAC-9450-D1CA671BB9F4}.Release|Win32.Build.0 = Release|Win32
		{6FC368D0-67CF-4CAC-9450-D1CA671BB9F4}.RelWithDebInfo|Win32.ActiveCfg = RelWithDebInfo|Win32
		{6FC368D0-67CF-4CAC-9450-D1CA671BB9F4}.RelWithDebInfo|Win32.Build.0 = RelWithDebInfo|Win32
		{FCDB1865-B8A6-47A9-B5D3-71DF8853614D}.Debug|Win32.ActiveCfg = Debug|Win32
		{FCDB1865-B8A6-47A9-B5D3-71DF8853614D}.Debug|Win32.Build.0 = Debug|Win32
		{FCDB1865-B8A6-47A9-B5D3-71DF8853614D}.MinSizeRel|Win32.ActiveCfg = MinSizeRel|Win32
		{FCDB1865-B8A6-47A9-B5D3-71DF8853614D}.MinSizeRel|Win32.Build.0 = MinSizeRel|Win32
		{FCDB1865-B8A6-47A9-B5D3-71DF8853614D}.Release|Win32.ActiveCfg = Release|Win32
		{FCDB1865-B8A6-47A9-B5D3-71DF8853614D}.Release|Win32.Build.0 = Release|Win32
		{FCDB1865-B8A6-47A9-B5D3-71DF8853614D}.RelWithDebInfo|Win32.ActiveCfg = RelWithDebInfo|Win32
		{FCDB1865-B8A6-47A9-B5D3-71DF8853614D}.RelWithDebInfo|Win32.Build.0 = RelWithDebInfo|Win32
		{B6A8D520-012E-4581-9B12-DB95DF827A7E}.Debug|Win32.ActiveCfg = Debug|Win32
		{B6A8D520-012E-4581-9B12-DB95DF827A7E}.Debug|Win32.Build.0 = Debug|Win32
		{B6A8D520-012E-4581-9B12-DB95DF827A7E}.MinSizeRel|Win32.ActiveCfg = MinSizeRel|Win32
		{B6A8D520-012E-4581-9B12-DB95DF827A7E}.MinSizeRel|Win32.Build.0 = MinSizeRel|Win32
		{B6A8D520-012E-4581-9B12-DB95DF827A7E}.Release|Win32.ActiveCfg = Release|Win32
		{B6A8D520-012E-4581-9B12-DB95DF827A7E}.Release|Win32.Build.0 = Release|Win32
		{B6A8D520-012E-4581-9B12-DB95DF827A7E}.RelWithDebInfo|Win32.ActiveCfg = RelWithDebInfo|Win32
		{B6A8D520-012E-4581-9B12-DB95DF827A7E}.RelWithDebInfo|Win32.Build.0 = RelWithDebInfo|Win32
		{AE9ACC71-79DA-4ED5-8F2F-6B4F76454260}.Debug|Win32.ActiveCfg = Debug|Win32
		{AE9ACC71-79DA-4ED5-8F2F-6B4F76454260}.Debug|Win32.Build.0 = Debug|Win32
		{AE9ACC71-79DA-4ED5-8F2F-6B4F76454260}.MinSizeRel|Win32.ActiveCfg = MinSizeRel|Win32
		{AE9ACC71-79DA-4ED5-8F2F-6B4F76454260}.MinSizeRel|Win32.Build.0 = MinSizeRel|Win32
		{AE9ACC71-79DA-4ED5-8F2F-6B4F76454260}.Release|Win32.ActiveCfg = Release|Win32
		{AE9ACC71-79DA-4ED5-8F2F-6B4F76454260}.Release|Win32.Build.0 = Release|Win32
		{AE9ACC71-79DA-4ED5-8F2F-6B4F76454260}.RelWithDebInfo|Win32.ActiveCfg = RelWithDebInfo|Win32
		{AE9ACC71-79DA-4ED5-8F2F-6B4F76454260}.RelWithDebInfo|Win32.Build.0 = RelWithDebInfo|Win32
		{B353B30C-4D7E-4A2A-A11C-95471AF43F24}.Debug|Win32.ActiveCfg = Debug|Win32
		{B353B30C-4D7E-4A2A-A11C-95471AF43F24}.Debug|Win32.Build.0 = Debug|Win32
		{B353B30C-4D7E-4A2A-A11C-95471AF43F24}.MinSizeRel|Win32.ActiveCfg = MinSizeRel|Win32
		{B353B30C-4D7E-4A2A-A11C-95471AF43F24}.MinSizeRel|Win32.Build.0 = MinSizeRel|Win32
		{B353B30C-4D7E-4A2A-A11C-95471AF43F24}.Release|Win32.ActiveCfg = Release|Win32
		{B353B30C-4D7E-4A2A-A11C-95471AF43F24}.Release|Win32.Build.0 = Release|Win32
		{B353B30C-4D7E-4A2A-A11C-95471AF43F24}.RelWithDebInfo|Win32.ActiveCfg = RelWithDebInfo|Win32
		{B353B30C-4D7E-4A2A-A11C-95471AF43F24}.RelWithDebInfo|Win32.Build.0 = RelWithDebInfo|Win32
	EndGlobalSection
	GlobalSection(SolutionProperties) = preSolution
		HideSolutionNode = FALSE
	EndGlobalSection
EndGlobal
