<?xml version="1.0" encoding="utf-8"?>
<Project ToolsVersion="12.0" xmlns="http://schemas.microsoft.com/developer/msbuild/2003">
  <ItemGroup>
    <ClCompile Include="..\chapter02\main.cpp">
      <Filter>Source Files</Filter>
    </ClCompile>
    <ClCompile Include="..\chapter02\scenesubroutine.cpp">
      <Filter>Source Files</Filter>
    </ClCompile>
    <ClCompile Include="..\chapter02\scenediffuse.cpp">
      <Filter>Source Files</Filter>
    </ClCompile>
    <ClCompile Include="..\chapter02\scenetwoside.cpp">
      <Filter>Source Files</Filter>
    </ClCompile>
    <ClCompile Include="..\chapter02\sceneflat.cpp">
      <Filter>Source Files</Filter>
    </ClCompile>
    <ClCompile Include="..\chapter02\scenediscard.cpp">
      <Filter>Source Files</Filter>
    </ClCompile>
    <ClCompile Include="..\chapter02\sceneads.cpp">
      <Filter>Source Files</Filter>
    </ClCompile>
  </ItemGroup>
  <ItemGroup>
    <Filter Include="Source Files">
      <UniqueIdentifier>{9B04F329-4E0A-4D13-A36F-C496703107B4}</UniqueIdentifier>
    </Filter>
  </ItemGroup>
</Project>