<?xml version="1.0" encoding="utf-8"?>
<Project ToolsVersion="12.0" xmlns="http://schemas.microsoft.com/developer/msbuild/2003">
  <ItemGroup>
    <ClCompile Include="..\chapter04\scenetexture.cpp">
      <Filter>Source Files</Filter>
    </ClCompile>
    <ClCompile Include="..\chapter04\main.cpp">
      <Filter>Source Files</Filter>
    </ClCompile>
    <ClCompile Include="..\chapter04\scenerendertotex.cpp">
      <Filter>Source Files</Filter>
    </ClCompile>
    <ClCompile Include="..\chapter04\scenemultitex.cpp">
      <Filter>Source Files</Filter>
    </ClCompile>
    <ClCompile Include="..\chapter04\scenealphatest.cpp">
      <Filter>Source Files</Filter>
    </ClCompile>
    <ClCompile Include="..\chapter04\scenereflectcube.cpp">
      <Filter>Source Files</Filter>
    </ClCompile>
    <ClCompile Include="..\chapter04\skybox.cpp">
      <Filter>Source Files</Filter>
    </ClCompile>
    <ClCompile Include="..\chapter04\scenenormalmap.cpp">
      <Filter>Source Files</Filter>
    </ClCompile>
    <ClCompile Include="..\chapter04\sceneprojtex.cpp">
      <Filter>Source Files</Filter>
    </ClCompile>
    <ClCompile Include="..\chapter04\scenerefractcube.cpp">
      <Filter>Source Files</Filter>
    </ClCompile>
    <ClCompile Include="..\chapter04\scenesamplerobj.cpp">
      <Filter>Source Files</Filter>
    </ClCompile>
  </ItemGroup>
  <ItemGroup>
    <Filter Include="Source Files">
      <UniqueIdentifier>{9B04F329-4E0A-4D13-A36F-C496703107B4}</UniqueIdentifier>
    </Filter>
  </ItemGroup>
</Project>