<?xml version="1.0" encoding="utf-8"?>
<Project ToolsVersion="12.0" xmlns="http://schemas.microsoft.com/developer/msbuild/2003">
  <ItemGroup>
    <ClCompile Include="..\chapter10\main.cpp">
      <Filter>Source Files</Filter>
    </ClCompile>
    <ClCompile Include="..\chapter10\scenemandelbrot.cpp">
      <Filter>Source Files</Filter>
    </ClCompile>
    <ClCompile Include="..\chapter10\scenecloth.cpp">
      <Filter>Source Files</Filter>
    </ClCompile>
    <ClCompile Include="..\chapter10\sceneparticles.cpp">
      <Filter>Source Files</Filter>
    </ClCompile>
    <ClCompile Include="..\chapter10\sceneedge.cpp">
      <Filter>Source Files</Filter>
    </ClCompile>
  </ItemGroup>
  <ItemGroup>
    <Filter Include="Source Files">
      <UniqueIdentifier>{9B04F329-4E0A-4D13-A36F-C496703107B4}</UniqueIdentifier>
    </Filter>
  </ItemGroup>
</Project>